
Microsoft Visual Studio Solution File, Format Version 12.00
# Visual Studio Version 16
VisualStudioVersion = 16.0.31702.278
MinimumVisualStudioVersion = 10.0.40219.1
Project("{9A19103F-16F7-4668-BE54-9A1E7A4F7556}") = "ImageFilters", "ImageFilters\ImageFilters.csproj", "{A1D59EA5-7499-438F-96EB-56D6CB001CEF}"
EndProject
Global
	GlobalSection(SolutionConfigurationPlatforms) = preSolution
		Debug|Any CPU = Debug|Any CPU
		Release|Any CPU = Release|Any CPU
	EndGlobalSection
	GlobalSection(ProjectConfigurationPlatforms) = postSolution
		{A1D59EA5-7499-438F-96EB-56D6CB001CEF}.Debug|Any CPU.ActiveCfg = Debug|Any CPU
		{A1D59EA5-7499-438F-96EB-56D6CB001CEF}.Debug|Any CPU.Build.0 = Debug|Any CPU
		{A1D59EA5-7499-438F-96EB-56D6CB001CEF}.Release|Any CPU.ActiveCfg = Release|Any CPU
		{A1D59EA5-7499-438F-96EB-56D6CB001CEF}.Release|Any CPU.Build.0 = Release|Any CPU
	EndGlobalSection
	GlobalSection(SolutionProperties) = preSolution
		HideSolutionNode = FALSE
	EndGlobalSection
	GlobalSection(ExtensibilityGlobals) = postSolution
		SolutionGuid = {8906FE21-1EA1-4CC7-A44E-AA7A47200548}
	EndGlobalSection
EndGlobal
